// !$*UTF8*$!
{
	archiveVersion = 1;
	classes = {
	};
	objectVersion = 50;
	objects = {

/* Begin PBXFileReference section */
		487F38D7238CABD9009EF21C /* didfix.js */ = {isa = PBXFileReference; lastKnownFileType = sourcecode.javascript; path = didfix.js; sourceTree = "<group>"; };
		48F9D6442389DC6400C02191 /* truffle-config.js */ = {isa = PBXFileReference; lastKnownFileType = sourcecode.javascript; path = "truffle-config.js"; sourceTree = "<group>"; };
		48F9D6452389DC6400C02191 /* balances.js */ = {isa = PBXFileReference; lastKnownFileType = sourcecode.javascript; path = balances.js; sourceTree = "<group>"; };
		48F9D6462389DC6400C02191 /* installed_contracts */ = {isa = PBXFileReference; lastKnownFileType = folder; path = installed_contracts; sourceTree = "<group>"; };
		48F9D6472389DC6500C02191 /* migrations */ = {isa = PBXFileReference; lastKnownFileType = folder; path = migrations; sourceTree = "<group>"; };
		48F9D6482389DC6500C02191 /* contracts */ = {isa = PBXFileReference; lastKnownFileType = folder; path = contracts; sourceTree = "<group>"; };
		48F9D64A2389DC6500C02191 /* test */ = {isa = PBXFileReference; lastKnownFileType = folder; path = test; sourceTree = "<group>"; };
		48F9D64B238A8DB200C02191 /* setup.js */ = {isa = PBXFileReference; lastKnownFileType = sourcecode.javascript; path = setup.js; sourceTree = "<group>"; };
		48F9D64C238A8F2200C02191 /* status.js */ = {isa = PBXFileReference; lastKnownFileType = sourcecode.javascript; path = status.js; sourceTree = "<group>"; };
		48F9D64D238A915400C02191 /* cancel.js */ = {isa = PBXFileReference; lastKnownFileType = sourcecode.javascript; path = cancel.js; sourceTree = "<group>"; };
/* End PBXFileReference section */

/* Begin PBXGroup section */
		48F9D63D2389DB0600C02191 = {
			isa = PBXGroup;
			children = (
				48F9D6452389DC6400C02191 /* balances.js */,
				48F9D64B238A8DB200C02191 /* setup.js */,
				48F9D64D238A915400C02191 /* cancel.js */,
				487F38D7238CABD9009EF21C /* didfix.js */,
				48F9D64C238A8F2200C02191 /* status.js */,
				48F9D6482389DC6500C02191 /* contracts */,
				48F9D6462389DC6400C02191 /* installed_contracts */,
				48F9D6472389DC6500C02191 /* migrations */,
				48F9D64A2389DC6500C02191 /* test */,
				48F9D6442389DC6400C02191 /* truffle-config.js */,
			);
			sourceTree = "<group>";
		};
/* End PBXGroup section */

/* Begin PBXProject section */
		48F9D63E2389DB0600C02191 /* Project object */ = {
			isa = PBXProject;
			attributes = {
				LastUpgradeCheck = 1120;
			};
			buildConfigurationList = 48F9D6412389DB0600C02191 /* Build configuration list for PBXProject "Nose" */;
			compatibilityVersion = "Xcode 9.3";
			developmentRegion = en;
			hasScannedForEncodings = 0;
			knownRegions = (
				en,
				Base,
			);
			mainGroup = 48F9D63D2389DB0600C02191;
			projectDirPath = "";
			projectRoot = "";
			targets = (
			);
		};
/* End PBXProject section */

/* Begin XCBuildConfiguration section */
		48F9D6422389DB0600C02191 /* Debug */ = {
			isa = XCBuildConfiguration;
			buildSettings = {
			};
			name = Debug;
		};
		48F9D6432389DB0600C02191 /* Release */ = {
			isa = XCBuildConfiguration;
			buildSettings = {
			};
			name = Release;
		};
/* End XCBuildConfiguration section */

/* Begin XCConfigurationList section */
		48F9D6412389DB0600C02191 /* Build configuration list for PBXProject "Nose" */ = {
			isa = XCConfigurationList;
			buildConfigurations = (
				48F9D6422389DB0600C02191 /* Debug */,
				48F9D6432389DB0600C02191 /* Release */,
			);
			defaultConfigurationIsVisible = 0;
			defaultConfigurationName = Release;
		};
/* End XCConfigurationList section */
	};
	rootObject = 48F9D63E2389DB0600C02191 /* Project object */;
}
